
Microsoft Visual Studio Solution File, Format Version 12.00
# Visual Studio Version 17
VisualStudioVersion = 17.5.33103.201
MinimumVisualStudioVersion = 10.0.40219.1
Project("{FAE04EC0-301F-11D3-BF4B-00C04F79EFBC}") = "WebApp1", "WebApp1\WebApp1.csproj", "{233FB243-7912-42A2-A15E-1E8B754FE519}"
EndProject
Global
	GlobalSection(SolutionConfigurationPlatforms) = preSolution
		Debug|Any CPU = Debug|Any CPU
		Release|Any CPU = Release|Any CPU
	EndGlobalSection
	GlobalSection(ProjectConfigurationPlatforms) = postSolution
		{233FB243-7912-42A2-A15E-1E8B754FE519}.Debug|Any CPU.ActiveCfg = Debug|Any CPU
		{233FB243-7912-42A2-A15E-1E8B754FE519}.Debug|Any CPU.Build.0 = Debug|Any CPU
		{233FB243-7912-42A2-A15E-1E8B754FE519}.Release|Any CPU.ActiveCfg = Release|Any CPU
		{233FB243-7912-42A2-A15E-1E8B754FE519}.Release|Any CPU.Build.0 = Release|Any CPU
	EndGlobalSection
	GlobalSection(SolutionProperties) = preSolution
		HideSolutionNode = FALSE
	EndGlobalSection
	GlobalSection(ExtensibilityGlobals) = postSolution
		SolutionGuid = {E8D2F89E-C7B6-4F06-B82A-7CB44C002421}
	EndGlobalSection
EndGlobal
